
Microsoft Visual Studio Solution File, Format Version 12.00
# Visual Studio Version 16
VisualStudioVersion = 16.0.29613.14
MinimumVisualStudioVersion = 10.0.40219.1
Project("{FAE04EC0-301F-11D3-BF4B-00C04F79EFBC}") = "Server", "Server\Server.csproj", "{47A3A9B1-5D5E-45F0-9DDB-A946A934222C}"
EndProject
Global
	GlobalSection(SolutionConfigurationPlatforms) = preSolution
		Debug|Any CPU = Debug|Any CPU
		Release|Any CPU = Release|Any CPU
	EndGlobalSection
	GlobalSection(ProjectConfigurationPlatforms) = postSolution
		{47A3A9B1-5D5E-45F0-9DDB-A946A934222C}.Debug|Any CPU.ActiveCfg = Debug|Any CPU
		{47A3A9B1-5D5E-45F0-9DDB-A946A934222C}.Debug|Any CPU.Build.0 = Debug|Any CPU
		{47A3A9B1-5D5E-45F0-9DDB-A946A934222C}.Release|Any CPU.ActiveCfg = Release|Any CPU
		{47A3A9B1-5D5E-45F0-9DDB-A946A934222C}.Release|Any CPU.Build.0 = Release|Any CPU
	EndGlobalSection
	GlobalSection(SolutionProperties) = preSolution
		HideSolutionNode = FALSE
	EndGlobalSection
	GlobalSection(ExtensibilityGlobals) = postSolution
		SolutionGuid = {40970312-D7E7-45DD-AA88-D7778E20CC84}
	EndGlobalSection
EndGlobal
